<?xml version="1.0" encoding="utf-8"?>
<Project ToolsVersion="4.0" xmlns="http://schemas.microsoft.com/developer/msbuild/2003">
  <ItemGroup>
    <Filter Include="Source Files">
      <UniqueIdentifier>{4FC737F1-C7A5-4376-A066-2A32D752A2FF}</UniqueIdentifier>
      <Extensions>cpp;c;cc;cxx;c++;cppm;ixx;def;odl;idl;hpj;bat;asm;asmx</Extensions>
    </Filter>
    <Filter Include="Source Files\Vulkan">
      <UniqueIdentifier>{32e9da77-bef6-4b66-bc94-72236d93080c}</UniqueIdentifier>
    </Filter>
    <Filter Include="Source Files\GLFW">
      <UniqueIdentifier>{c79d44c0-8f76-483b-af13-bd082a4e996d}</UniqueIdentifier>
    </Filter>
    <Filter Include="Source Files\Logging">
      <UniqueIdentifier>{16004675-d105-4269-a1c9-df2f6cf7485b}</UniqueIdentifier>
    </Filter>
  </ItemGroup>
  <ItemGroup>
    <ClCompile Include="Main.cpp">
      <Filter>Source Files</Filter>
    </ClCompile>
    <ClCompile Include="Application.cpp">
      <Filter>Source Files</Filter>
    </ClCompile>
    <ClCompile Include="VulkanInitializer.cpp">
      <Filter>Source Files\Vulkan</Filter>
    </ClCompile>
    <ClCompile Include="GlfwInitializer.cpp">
      <Filter>Source Files\GLFW</Filter>
    </ClCompile>
    <ClCompile Include="VulkanDebugManager.cpp">
      <Filter>Source Files\Vulkan</Filter>
    </ClCompile>
    <ClCompile Include="VulkanExtensionManager.cpp">
      <Filter>Source Files\Vulkan</Filter>
    </ClCompile>
    <ClCompile Include="TesseraLog.cpp">
      <Filter>Source Files\Logging</Filter>
    </ClCompile>
  </ItemGroup>
  <ItemGroup>
    <ClInclude Include="Application.h">
      <Filter>Source Files</Filter>
    </ClInclude>
    <ClInclude Include="VulkanInitializer.h">
      <Filter>Source Files\Vulkan</Filter>
    </ClInclude>
    <ClInclude Include="GlfwInitializer.h">
      <Filter>Source Files\GLFW</Filter>
    </ClInclude>
    <ClInclude Include="VulkanDebugManager.h">
      <Filter>Source Files\Vulkan</Filter>
    </ClInclude>
    <ClInclude Include="VulkanExtensionManager.h">
      <Filter>Source Files\Vulkan</Filter>
    </ClInclude>
    <ClInclude Include="TesseraLog.h">
      <Filter>Source Files\Logging</Filter>
    </ClInclude>
  </ItemGroup>
</Project>